{
    "_meta": {
        "hash": {
            "sha256": "a4328cd419bd1748a3310b2c90b0792dfa4cf1d385382a3a00c6f7c3f1805632"
        },
        "pipfile-spec": 6,
        "requires": {
            "python_version": "3.6"
        },
        "sources": [
            {
                "name": "pypi",
                "url": "https://pypi.python.org/simple",
                "verify_ssl": true
            }
        ]
    },
    "default": {
        "chardet": {
            "hashes": [
                "sha256:84ab92ed1c4d4f16916e05906b6b75a6c0fb5db821cc65e70cbd64a3e2a5eaae",
                "sha256:fc323ffcaeaed0e0a02bf4d117757b98aed530d9ed4531e3e15460124c106691"
            ],
            "index": "pypi",
            "version": "==3.0.4"
        }
    },
    "develop": {
        "e1839a8": {
            "editable": true,
            "path": "."
        }
    }
}
